// !$*UTF8*$!
{
	archiveVersion = 1;
	classes = {
	};
	objectVersion = 46;
	objects = {

/* Begin PBXBuildFile section */
		9719EE9F198AE80C00A8F51D /* Foundation.framework in Frameworks */ = {isa = PBXBuildFile; fileRef = 9719EE9E198AE80C00A8F51D /* Foundation.framework */; };
		9719EEA1198AE80C00A8F51D /* CoreGraphics.framework in Frameworks */ = {isa = PBXBuildFile; fileRef = 9719EEA0198AE80C00A8F51D /* CoreGraphics.framework */; };
		9719EEA3198AE80C00A8F51D /* UIKit.framework in Frameworks */ = {isa = PBXBuildFile; fileRef = 9719EEA2198AE80C00A8F51D /* UIKit.framework */; };
		9719EEA9198AE80C00A8F51D /* InfoPlist.strings in Resources */ = {isa = PBXBuildFile; fileRef = 9719EEA7198AE80C00A8F51D /* InfoPlist.strings */; };
		9719EEAB198AE80C00A8F51D /* main.m in Sources */ = {isa = PBXBuildFile; fileRef = 9719EEAA198AE80C00A8F51D /* main.m */; };
		9719EEAF198AE80C00A8F51D /* AppDelegate.m in Sources */ = {isa = PBXBuildFile; fileRef = 9719EEAE198AE80C00A8F51D /* AppDelegate.m */; };
		9719EEB2198AE80C00A8F51D /* Main.storyboard in Resources */ = {isa = PBXBuildFile; fileRef = 9719EEB0198AE80C00A8F51D /* Main.storyboard */; };
		9719EEB5198AE80C00A8F51D /* ViewController.mm in Sources */ = {isa = PBXBuildFile; fileRef = 9719EEB4198AE80C00A8F51D /* ViewController.mm */; };
		9719EEB7198AE80C00A8F51D /* Images.xcassets in Resources */ = {isa = PBXBuildFile; fileRef = 9719EEB6198AE80C00A8F51D /* Images.xcassets */; };
		9719EEBE198AE80C00A8F51D /* XCTest.framework in Frameworks */ = {isa = PBXBuildFile; fileRef = 9719EEBD198AE80C00A8F51D /* XCTest.framework */; };
		9719EEBF198AE80C00A8F51D /* Foundation.framework in Frameworks */ = {isa = PBXBuildFile; fileRef = 9719EE9E198AE80C00A8F51D /* Foundation.framework */; };
		9719EEC0198AE80C00A8F51D /* UIKit.framework in Frameworks */ = {isa = PBXBuildFile; fileRef = 9719EEA2198AE80C00A8F51D /* UIKit.framework */; };
		9719EEC8198AE80C00A8F51D /* InfoPlist.strings in Resources */ = {isa = PBXBuildFile; fileRef = 9719EEC6198AE80C00A8F51D /* InfoPlist.strings */; };
		9719EECA198AE80C00A8F51D /* KiwixTestTests.m in Sources */ = {isa = PBXBuildFile; fileRef = 9719EEC9198AE80C00A8F51D /* KiwixTestTests.m */; };
		9719EFC0198AE90200A8F51D /* pathTools.cpp in Sources */ = {isa = PBXBuildFile; fileRef = 9719EFBC198AE90200A8F51D /* pathTools.cpp */; };
		9719EFC1198AE90200A8F51D /* stringTools.cpp in Sources */ = {isa = PBXBuildFile; fileRef = 9719EFBE198AE90200A8F51D /* stringTools.cpp */; };
		9719EFC4198AE91B00A8F51D /* reader.cpp in Sources */ = {isa = PBXBuildFile; fileRef = 9719EFC2198AE91B00A8F51D /* reader.cpp */; };
		9719EFC7198AE93F00A8F51D /* zimReader.mm in Sources */ = {isa = PBXBuildFile; fileRef = 9719EFC6198AE93F00A8F51D /* zimReader.mm */; };
		9719EFCE198AEA8600A8F51D /* libc++.1.dylib in Frameworks */ = {isa = PBXBuildFile; fileRef = 9719EFC8198AEA8600A8F51D /* libc++.1.dylib */; };
		9719EFCF198AEA8600A8F51D /* libc++.dylib in Frameworks */ = {isa = PBXBuildFile; fileRef = 9719EFC9198AEA8600A8F51D /* libc++.dylib */; };
		9719EFD0198AEA8600A8F51D /* libc++abi.dylib in Frameworks */ = {isa = PBXBuildFile; fileRef = 9719EFCA198AEA8600A8F51D /* libc++abi.dylib */; };
		9719EFD1198AEA8600A8F51D /* libstdc++.6.0.9.dylib in Frameworks */ = {isa = PBXBuildFile; fileRef = 9719EFCB198AEA8600A8F51D /* libstdc++.6.0.9.dylib */; };
		9719EFD2198AEA8600A8F51D /* libstdc++.6.dylib in Frameworks */ = {isa = PBXBuildFile; fileRef = 9719EFCC198AEA8600A8F51D /* libstdc++.6.dylib */; };
		9719EFD3198AEA8600A8F51D /* libstdc++.dylib in Frameworks */ = {isa = PBXBuildFile; fileRef = 9719EFCD198AEA8600A8F51D /* libstdc++.dylib */; };
		9719EFD5198AEA9100A8F51D /* libc.dylib in Frameworks */ = {isa = PBXBuildFile; fileRef = 9719EFD4198AEA9100A8F51D /* libc.dylib */; };
		9719EFE0198AECBC00A8F51D /* libicudata.a in Frameworks */ = {isa = PBXBuildFile; fileRef = 9719EFD6198AECBC00A8F51D /* libicudata.a */; };
		9719EFE1198AECBC00A8F51D /* libicui18n.a in Frameworks */ = {isa = PBXBuildFile; fileRef = 9719EFD7198AECBC00A8F51D /* libicui18n.a */; };
		9719EFE2198AECBC00A8F51D /* libicuio.a in Frameworks */ = {isa = PBXBuildFile; fileRef = 9719EFD8198AECBC00A8F51D /* libicuio.a */; };
		9719EFE3198AECBC00A8F51D /* libicule.a in Frameworks */ = {isa = PBXBuildFile; fileRef = 9719EFD9198AECBC00A8F51D /* libicule.a */; };
		9719EFE4198AECBC00A8F51D /* libiculx.a in Frameworks */ = {isa = PBXBuildFile; fileRef = 9719EFDA198AECBC00A8F51D /* libiculx.a */; };
		9719EFE5198AECBC00A8F51D /* libicutest.a in Frameworks */ = {isa = PBXBuildFile; fileRef = 9719EFDB198AECBC00A8F51D /* libicutest.a */; };
		9719EFE6198AECBC00A8F51D /* libicutu.a in Frameworks */ = {isa = PBXBuildFile; fileRef = 9719EFDC198AECBC00A8F51D /* libicutu.a */; };
		9719EFE7198AECBC00A8F51D /* libicuuc.a in Frameworks */ = {isa = PBXBuildFile; fileRef = 9719EFDD198AECBC00A8F51D /* libicuuc.a */; };
		9719EFE8198AECBC00A8F51D /* liblzma.a in Frameworks */ = {isa = PBXBuildFile; fileRef = 9719EFDE198AECBC00A8F51D /* liblzma.a */; };
		9719EFE9198AECBC00A8F51D /* libzim.a in Frameworks */ = {isa = PBXBuildFile; fileRef = 9719EFDF198AECBC00A8F51D /* libzim.a */; };
		9719EFEB198AED4E00A8F51D /* Book about Aviation.zim in Resources */ = {isa = PBXBuildFile; fileRef = 9719EFEA198AED4E00A8F51D /* Book about Aviation.zim */; };
/* End PBXBuildFile section */

/* Begin PBXContainerItemProxy section */
		9719EEC1198AE80C00A8F51D /* PBXContainerItemProxy */ = {
			isa = PBXContainerItemProxy;
			containerPortal = 9719EE93198AE80C00A8F51D /* Project object */;
			proxyType = 1;
			remoteGlobalIDString = 9719EE9A198AE80C00A8F51D;
			remoteInfo = KiwixTest;
		};
/* End PBXContainerItemProxy section */

/* Begin PBXFileReference section */
		9719EE9B198AE80C00A8F51D /* KiwixTest.app */ = {isa = PBXFileReference; explicitFileType = wrapper.application; includeInIndex = 0; path = KiwixTest.app; sourceTree = BUILT_PRODUCTS_DIR; };
		9719EE9E198AE80C00A8F51D /* Foundation.framework */ = {isa = PBXFileReference; lastKnownFileType = wrapper.framework; name = Foundation.framework; path = System/Library/Frameworks/Foundation.framework; sourceTree = SDKROOT; };
		9719EEA0198AE80C00A8F51D /* CoreGraphics.framework */ = {isa = PBXFileReference; lastKnownFileType = wrapper.framework; name = CoreGraphics.framework; path = System/Library/Frameworks/CoreGraphics.framework; sourceTree = SDKROOT; };
		9719EEA2198AE80C00A8F51D /* UIKit.framework */ = {isa = PBXFileReference; lastKnownFileType = wrapper.framework; name = UIKit.framework; path = System/Library/Frameworks/UIKit.framework; sourceTree = SDKROOT; };
		9719EEA6198AE80C00A8F51D /* KiwixTest-Info.plist */ = {isa = PBXFileReference; lastKnownFileType = text.plist.xml; path = "KiwixTest-Info.plist"; sourceTree = "<group>"; };
		9719EEA8198AE80C00A8F51D /* en */ = {isa = PBXFileReference; lastKnownFileType = text.plist.strings; name = en; path = en.lproj/InfoPlist.strings; sourceTree = "<group>"; };
		9719EEAA198AE80C00A8F51D /* main.m */ = {isa = PBXFileReference; lastKnownFileType = sourcecode.c.objc; path = main.m; sourceTree = "<group>"; };
		9719EEAC198AE80C00A8F51D /* KiwixTest-Prefix.pch */ = {isa = PBXFileReference; lastKnownFileType = sourcecode.c.h; path = "KiwixTest-Prefix.pch"; sourceTree = "<group>"; };
		9719EEAD198AE80C00A8F51D /* AppDelegate.h */ = {isa = PBXFileReference; lastKnownFileType = sourcecode.c.h; path = AppDelegate.h; sourceTree = "<group>"; };
		9719EEAE198AE80C00A8F51D /* AppDelegate.m */ = {isa = PBXFileReference; lastKnownFileType = sourcecode.c.objc; path = AppDelegate.m; sourceTree = "<group>"; };
		9719EEB1198AE80C00A8F51D /* Base */ = {isa = PBXFileReference; lastKnownFileType = file.storyboard; name = Base; path = Base.lproj/Main.storyboard; sourceTree = "<group>"; };
		9719EEB3198AE80C00A8F51D /* ViewController.h */ = {isa = PBXFileReference; lastKnownFileType = sourcecode.c.h; path = ViewController.h; sourceTree = "<group>"; };
		9719EEB4198AE80C00A8F51D /* ViewController.mm */ = {isa = PBXFileReference; lastKnownFileType = sourcecode.cpp.objcpp; path = ViewController.mm; sourceTree = "<group>"; };
		9719EEB6198AE80C00A8F51D /* Images.xcassets */ = {isa = PBXFileReference; lastKnownFileType = folder.assetcatalog; path = Images.xcassets; sourceTree = "<group>"; };
		9719EEBC198AE80C00A8F51D /* KiwixTestTests.xctest */ = {isa = PBXFileReference; explicitFileType = wrapper.cfbundle; includeInIndex = 0; path = KiwixTestTests.xctest; sourceTree = BUILT_PRODUCTS_DIR; };
		9719EEBD198AE80C00A8F51D /* XCTest.framework */ = {isa = PBXFileReference; lastKnownFileType = wrapper.framework; name = XCTest.framework; path = Library/Frameworks/XCTest.framework; sourceTree = DEVELOPER_DIR; };
		9719EEC5198AE80C00A8F51D /* KiwixTestTests-Info.plist */ = {isa = PBXFileReference; lastKnownFileType = text.plist.xml; path = "KiwixTestTests-Info.plist"; sourceTree = "<group>"; };
		9719EEC7198AE80C00A8F51D /* en */ = {isa = PBXFileReference; lastKnownFileType = text.plist.strings; name = en; path = en.lproj/InfoPlist.strings; sourceTree = "<group>"; };
		9719EEC9198AE80C00A8F51D /* KiwixTestTests.m */ = {isa = PBXFileReference; lastKnownFileType = sourcecode.c.objc; path = KiwixTestTests.m; sourceTree = "<group>"; };
		9719EFBC198AE90200A8F51D /* pathTools.cpp */ = {isa = PBXFileReference; fileEncoding = 4; lastKnownFileType = sourcecode.cpp.cpp; path = pathTools.cpp; sourceTree = "<group>"; };
		9719EFBD198AE90200A8F51D /* pathTools.h */ = {isa = PBXFileReference; fileEncoding = 4; lastKnownFileType = sourcecode.c.h; path = pathTools.h; sourceTree = "<group>"; };
		9719EFBE198AE90200A8F51D /* stringTools.cpp */ = {isa = PBXFileReference; fileEncoding = 4; lastKnownFileType = sourcecode.cpp.cpp; path = stringTools.cpp; sourceTree = "<group>"; };
		9719EFBF198AE90200A8F51D /* stringTools.h */ = {isa = PBXFileReference; fileEncoding = 4; lastKnownFileType = sourcecode.c.h; path = stringTools.h; sourceTree = "<group>"; };
		9719EFC2198AE91B00A8F51D /* reader.cpp */ = {isa = PBXFileReference; fileEncoding = 4; lastKnownFileType = sourcecode.cpp.cpp; path = reader.cpp; sourceTree = "<group>"; };
		9719EFC3198AE91B00A8F51D /* reader.h */ = {isa = PBXFileReference; fileEncoding = 4; lastKnownFileType = sourcecode.c.h; path = reader.h; sourceTree = "<group>"; };
		9719EFC5198AE93F00A8F51D /* zimReader.h */ = {isa = PBXFileReference; fileEncoding = 4; lastKnownFileType = sourcecode.c.h; path = zimReader.h; sourceTree = "<group>"; };
		9719EFC6198AE93F00A8F51D /* zimReader.mm */ = {isa = PBXFileReference; fileEncoding = 4; lastKnownFileType = sourcecode.cpp.objcpp; path = zimReader.mm; sourceTree = "<group>"; };
		9719EFC8198AEA8600A8F51D /* libc++.1.dylib */ = {isa = PBXFileReference; lastKnownFileType = "compiled.mach-o.dylib"; name = "libc++.1.dylib"; path = "usr/lib/libc++.1.dylib"; sourceTree = SDKROOT; };
		9719EFC9198AEA8600A8F51D /* libc++.dylib */ = {isa = PBXFileReference; lastKnownFileType = "compiled.mach-o.dylib"; name = "libc++.dylib"; path = "usr/lib/libc++.dylib"; sourceTree = SDKROOT; };
		9719EFCA198AEA8600A8F51D /* libc++abi.dylib */ = {isa = PBXFileReference; lastKnownFileType = "compiled.mach-o.dylib"; name = "libc++abi.dylib"; path = "usr/lib/libc++abi.dylib"; sourceTree = SDKROOT; };
		9719EFCB198AEA8600A8F51D /* libstdc++.6.0.9.dylib */ = {isa = PBXFileReference; lastKnownFileType = "compiled.mach-o.dylib"; name = "libstdc++.6.0.9.dylib"; path = "usr/lib/libstdc++.6.0.9.dylib"; sourceTree = SDKROOT; };
		9719EFCC198AEA8600A8F51D /* libstdc++.6.dylib */ = {isa = PBXFileReference; lastKnownFileType = "compiled.mach-o.dylib"; name = "libstdc++.6.dylib"; path = "usr/lib/libstdc++.6.dylib"; sourceTree = SDKROOT; };
		9719EFCD198AEA8600A8F51D /* libstdc++.dylib */ = {isa = PBXFileReference; lastKnownFileType = "compiled.mach-o.dylib"; name = "libstdc++.dylib"; path = "usr/lib/libstdc++.dylib"; sourceTree = SDKROOT; };
		9719EFD4198AEA9100A8F51D /* libc.dylib */ = {isa = PBXFileReference; lastKnownFileType = "compiled.mach-o.dylib"; name = libc.dylib; path = usr/lib/libc.dylib; sourceTree = SDKROOT; };
		9719EFD6198AECBC00A8F51D /* libicudata.a */ = {isa = PBXFileReference; lastKnownFileType = archive.ar; name = libicudata.a; path = KiwixTest/libicudata.a; sourceTree = "<group>"; };
		9719EFD7198AECBC00A8F51D /* libicui18n.a */ = {isa = PBXFileReference; lastKnownFileType = archive.ar; name = libicui18n.a; path = KiwixTest/libicui18n.a; sourceTree = "<group>"; };
		9719EFD8198AECBC00A8F51D /* libicuio.a */ = {isa = PBXFileReference; lastKnownFileType = archive.ar; name = libicuio.a; path = KiwixTest/libicuio.a; sourceTree = "<group>"; };
		9719EFD9198AECBC00A8F51D /* libicule.a */ = {isa = PBXFileReference; lastKnownFileType = archive.ar; name = libicule.a; path = KiwixTest/libicule.a; sourceTree = "<group>"; };
		9719EFDA198AECBC00A8F51D /* libiculx.a */ = {isa = PBXFileReference; lastKnownFileType = archive.ar; name = libiculx.a; path = KiwixTest/libiculx.a; sourceTree = "<group>"; };
		9719EFDB198AECBC00A8F51D /* libicutest.a */ = {isa = PBXFileReference; lastKnownFileType = archive.ar; name = libicutest.a; path = KiwixTest/libicutest.a; sourceTree = "<group>"; };
		9719EFDC198AECBC00A8F51D /* libicutu.a */ = {isa = PBXFileReference; lastKnownFileType = archive.ar; name = libicutu.a; path = KiwixTest/libicutu.a; sourceTree = "<group>"; };
		9719EFDD198AECBC00A8F51D /* libicuuc.a */ = {isa = PBXFileReference; lastKnownFileType = archive.ar; name = libicuuc.a; path = KiwixTest/libicuuc.a; sourceTree = "<group>"; };
		9719EFDE198AECBC00A8F51D /* liblzma.a */ = {isa = PBXFileReference; lastKnownFileType = archive.ar; name = liblzma.a; path = KiwixTest/liblzma.a; sourceTree = "<group>"; };
		9719EFDF198AECBC00A8F51D /* libzim.a */ = {isa = PBXFileReference; lastKnownFileType = archive.ar; name = libzim.a; path = KiwixTest/libzim.a; sourceTree = "<group>"; };
		9719EFEA198AED4E00A8F51D /* Book about Aviation.zim */ = {isa = PBXFileReference; lastKnownFileType = file; path = "Book about Aviation.zim"; sourceTree = "<group>"; };
/* End PBXFileReference section */

/* Begin PBXFrameworksBuildPhase section */
		9719EE98198AE80C00A8F51D /* Frameworks */ = {
			isa = PBXFrameworksBuildPhase;
			buildActionMask = 2147483647;
			files = (
				9719EFD5198AEA9100A8F51D /* libc.dylib in Frameworks */,
				9719EFCE198AEA8600A8F51D /* libc++.1.dylib in Frameworks */,
				9719EFCF198AEA8600A8F51D /* libc++.dylib in Frameworks */,
				9719EFD0198AEA8600A8F51D /* libc++abi.dylib in Frameworks */,
				9719EFD1198AEA8600A8F51D /* libstdc++.6.0.9.dylib in Frameworks */,
				9719EFD2198AEA8600A8F51D /* libstdc++.6.dylib in Frameworks */,
				9719EFD3198AEA8600A8F51D /* libstdc++.dylib in Frameworks */,
				9719EFE0198AECBC00A8F51D /* libicudata.a in Frameworks */,
				9719EFE1198AECBC00A8F51D /* libicui18n.a in Frameworks */,
				9719EFE2198AECBC00A8F51D /* libicuio.a in Frameworks */,
				9719EFE3198AECBC00A8F51D /* libicule.a in Frameworks */,
				9719EFE4198AECBC00A8F51D /* libiculx.a in Frameworks */,
				9719EFE5198AECBC00A8F51D /* libicutest.a in Frameworks */,
				9719EFE6198AECBC00A8F51D /* libicutu.a in Frameworks */,
				9719EFE7198AECBC00A8F51D /* libicuuc.a in Frameworks */,
				9719EFE8198AECBC00A8F51D /* liblzma.a in Frameworks */,
				9719EFE9198AECBC00A8F51D /* libzim.a in Frameworks */,
				9719EEA1198AE80C00A8F51D /* CoreGraphics.framework in Frameworks */,
				9719EEA3198AE80C00A8F51D /* UIKit.framework in Frameworks */,
				9719EE9F198AE80C00A8F51D /* Foundation.framework in Frameworks */,
			);
			runOnlyForDeploymentPostprocessing = 0;
		};
		9719EEB9198AE80C00A8F51D /* Frameworks */ = {
			isa = PBXFrameworksBuildPhase;
			buildActionMask = 2147483647;
			files = (
				9719EEBE198AE80C00A8F51D /* XCTest.framework in Frameworks */,
				9719EEC0198AE80C00A8F51D /* UIKit.framework in Frameworks */,
				9719EEBF198AE80C00A8F51D /* Foundation.framework in Frameworks */,
			);
			runOnlyForDeploymentPostprocessing = 0;
		};
/* End PBXFrameworksBuildPhase section */

/* Begin PBXGroup section */
		9719EE92198AE80C00A8F51D = {
			isa = PBXGroup;
			children = (
				9719EEA4198AE80C00A8F51D /* KiwixTest */,
				9719EEC3198AE80C00A8F51D /* KiwixTestTests */,
				9719EE9D198AE80C00A8F51D /* Frameworks */,
				9719EE9C198AE80C00A8F51D /* Products */,
			);
			sourceTree = "<group>";
		};
		9719EE9C198AE80C00A8F51D /* Products */ = {
			isa = PBXGroup;
			children = (
				9719EE9B198AE80C00A8F51D /* KiwixTest.app */,
				9719EEBC198AE80C00A8F51D /* KiwixTestTests.xctest */,
			);
			name = Products;
			sourceTree = "<group>";
		};
		9719EE9D198AE80C00A8F51D /* Frameworks */ = {
			isa = PBXGroup;
			children = (
				9719EFD6198AECBC00A8F51D /* libicudata.a */,
				9719EFD7198AECBC00A8F51D /* libicui18n.a */,
				9719EFD8198AECBC00A8F51D /* libicuio.a */,
				9719EFD9198AECBC00A8F51D /* libicule.a */,
				9719EFDA198AECBC00A8F51D /* libiculx.a */,
				9719EFDB198AECBC00A8F51D /* libicutest.a */,
				9719EFDC198AECBC00A8F51D /* libicutu.a */,
				9719EFDD198AECBC00A8F51D /* libicuuc.a */,
				9719EFDE198AECBC00A8F51D /* liblzma.a */,
				9719EFDF198AECBC00A8F51D /* libzim.a */,
				9719EFD4198AEA9100A8F51D /* libc.dylib */,
				9719EFC8198AEA8600A8F51D /* libc++.1.dylib */,
				9719EFC9198AEA8600A8F51D /* libc++.dylib */,
				9719EFCA198AEA8600A8F51D /* libc++abi.dylib */,
				9719EFCB198AEA8600A8F51D /* libstdc++.6.0.9.dylib */,
				9719EFCC198AEA8600A8F51D /* libstdc++.6.dylib */,
				9719EFCD198AEA8600A8F51D /* libstdc++.dylib */,
				9719EE9E198AE80C00A8F51D /* Foundation.framework */,
				9719EEA0198AE80C00A8F51D /* CoreGraphics.framework */,
				9719EEA2198AE80C00A8F51D /* UIKit.framework */,
				9719EEBD198AE80C00A8F51D /* XCTest.framework */,
			);
			name = Frameworks;
			sourceTree = "<group>";
		};
		9719EEA4198AE80C00A8F51D /* KiwixTest */ = {
			isa = PBXGroup;
			children = (
				9719EFC5198AE93F00A8F51D /* zimReader.h */,
				9719EFC6198AE93F00A8F51D /* zimReader.mm */,
				9719EFBB198AE8D400A8F51D /* KiwixC++Reader */,
				9719EEAD198AE80C00A8F51D /* AppDelegate.h */,
				9719EEAE198AE80C00A8F51D /* AppDelegate.m */,
				9719EEB0198AE80C00A8F51D /* Main.storyboard */,
				9719EEB3198AE80C00A8F51D /* ViewController.h */,
				9719EEB4198AE80C00A8F51D /* ViewController.mm */,
				9719EEB6198AE80C00A8F51D /* Images.xcassets */,
				9719EEA5198AE80C00A8F51D /* Supporting Files */,
			);
			path = KiwixTest;
			sourceTree = "<group>";
		};
		9719EEA5198AE80C00A8F51D /* Supporting Files */ = {
			isa = PBXGroup;
			children = (
				9719EFEA198AED4E00A8F51D /* Book about Aviation.zim */,
				9719EEA6198AE80C00A8F51D /* KiwixTest-Info.plist */,
				9719EEA7198AE80C00A8F51D /* InfoPlist.strings */,
				9719EEAA198AE80C00A8F51D /* main.m */,
				9719EEAC198AE80C00A8F51D /* KiwixTest-Prefix.pch */,
			);
			name = "Supporting Files";
			sourceTree = "<group>";
		};
		9719EEC3198AE80C00A8F51D /* KiwixTestTests */ = {
			isa = PBXGroup;
			children = (
				9719EEC9198AE80C00A8F51D /* KiwixTestTests.m */,
				9719EEC4198AE80C00A8F51D /* Supporting Files */,
			);
			path = KiwixTestTests;
			sourceTree = "<group>";
		};
		9719EEC4198AE80C00A8F51D /* Supporting Files */ = {
			isa = PBXGroup;
			children = (
				9719EEC5198AE80C00A8F51D /* KiwixTestTests-Info.plist */,
				9719EEC6198AE80C00A8F51D /* InfoPlist.strings */,
			);
			name = "Supporting Files";
			sourceTree = "<group>";
		};
		9719EFBB198AE8D400A8F51D /* KiwixC++Reader */ = {
			isa = PBXGroup;
			children = (
				9719EFBC198AE90200A8F51D /* pathTools.cpp */,
				9719EFBD198AE90200A8F51D /* pathTools.h */,
				9719EFBE198AE90200A8F51D /* stringTools.cpp */,
				9719EFBF198AE90200A8F51D /* stringTools.h */,
				9719EFC2198AE91B00A8F51D /* reader.cpp */,
				9719EFC3198AE91B00A8F51D /* reader.h */,
			);
			name = "KiwixC++Reader";
			sourceTree = "<group>";
		};
/* End PBXGroup section */

/* Begin PBXNativeTarget section */
		9719EE9A198AE80C00A8F51D /* KiwixTest */ = {
			isa = PBXNativeTarget;
			buildConfigurationList = 9719EECD198AE80C00A8F51D /* Build configuration list for PBXNativeTarget "KiwixTest" */;
			buildPhases = (
				9719EE97198AE80C00A8F51D /* Sources */,
				9719EE98198AE80C00A8F51D /* Frameworks */,
				9719EE99198AE80C00A8F51D /* Resources */,
			);
			buildRules = (
			);
			dependencies = (
			);
			name = KiwixTest;
			productName = KiwixTest;
			productReference = 9719EE9B198AE80C00A8F51D /* KiwixTest.app */;
			productType = "com.apple.product-type.application";
		};
		9719EEBB198AE80C00A8F51D /* KiwixTestTests */ = {
			isa = PBXNativeTarget;
			buildConfigurationList = 9719EED0198AE80C00A8F51D /* Build configuration list for PBXNativeTarget "KiwixTestTests" */;
			buildPhases = (
				9719EEB8198AE80C00A8F51D /* Sources */,
				9719EEB9198AE80C00A8F51D /* Frameworks */,
				9719EEBA198AE80C00A8F51D /* Resources */,
			);
			buildRules = (
			);
			dependencies = (
				9719EEC2198AE80C00A8F51D /* PBXTargetDependency */,
			);
			name = KiwixTestTests;
			productName = KiwixTestTests;
			productReference = 9719EEBC198AE80C00A8F51D /* KiwixTestTests.xctest */;
			productType = "com.apple.product-type.bundle.unit-test";
		};
/* End PBXNativeTarget section */

/* Begin PBXProject section */
		9719EE93198AE80C00A8F51D /* Project object */ = {
			isa = PBXProject;
			attributes = {
				LastUpgradeCheck = 0510;
				ORGANIZATIONNAME = Chris;
				TargetAttributes = {
					9719EEBB198AE80C00A8F51D = {
						TestTargetID = 9719EE9A198AE80C00A8F51D;
					};
				};
			};
			buildConfigurationList = 9719EE96198AE80C00A8F51D /* Build configuration list for PBXProject "KiwixTest" */;
			compatibilityVersion = "Xcode 3.2";
			developmentRegion = English;
			hasScannedForEncodings = 0;
			knownRegions = (
				en,
				Base,
			);
			mainGroup = 9719EE92198AE80C00A8F51D;
			productRefGroup = 9719EE9C198AE80C00A8F51D /* Products */;
			projectDirPath = "";
			projectRoot = "";
			targets = (
				9719EE9A198AE80C00A8F51D /* KiwixTest */,
				9719EEBB198AE80C00A8F51D /* KiwixTestTests */,
			);
		};
/* End PBXProject section */

/* Begin PBXResourcesBuildPhase section */
		9719EE99198AE80C00A8F51D /* Resources */ = {
			isa = PBXResourcesBuildPhase;
			buildActionMask = 2147483647;
			files = (
				9719EEB7198AE80C00A8F51D /* Images.xcassets in Resources */,
				9719EEA9198AE80C00A8F51D /* InfoPlist.strings in Resources */,
				9719EFEB198AED4E00A8F51D /* Book about Aviation.zim in Resources */,
				9719EEB2198AE80C00A8F51D /* Main.storyboard in Resources */,
			);
			runOnlyForDeploymentPostprocessing = 0;
		};
		9719EEBA198AE80C00A8F51D /* Resources */ = {
			isa = PBXResourcesBuildPhase;
			buildActionMask = 2147483647;
			files = (
				9719EEC8198AE80C00A8F51D /* InfoPlist.strings in Resources */,
			);
			runOnlyForDeploymentPostprocessing = 0;
		};
/* End PBXResourcesBuildPhase section */

/* Begin PBXSourcesBuildPhase section */
		9719EE97198AE80C00A8F51D /* Sources */ = {
			isa = PBXSourcesBuildPhase;
			buildActionMask = 2147483647;
			files = (
				9719EFC1198AE90200A8F51D /* stringTools.cpp in Sources */,
				9719EFC7198AE93F00A8F51D /* zimReader.mm in Sources */,
				9719EFC0198AE90200A8F51D /* pathTools.cpp in Sources */,
				9719EEB5198AE80C00A8F51D /* ViewController.mm in Sources */,
				9719EEAF198AE80C00A8F51D /* AppDelegate.m in Sources */,
				9719EFC4198AE91B00A8F51D /* reader.cpp in Sources */,
				9719EEAB198AE80C00A8F51D /* main.m in Sources */,
			);
			runOnlyForDeploymentPostprocessing = 0;
		};
		9719EEB8198AE80C00A8F51D /* Sources */ = {
			isa = PBXSourcesBuildPhase;
			buildActionMask = 2147483647;
			files = (
				9719EECA198AE80C00A8F51D /* KiwixTestTests.m in Sources */,
			);
			runOnlyForDeploymentPostprocessing = 0;
		};
/* End PBXSourcesBuildPhase section */

/* Begin PBXTargetDependency section */
		9719EEC2198AE80C00A8F51D /* PBXTargetDependency */ = {
			isa = PBXTargetDependency;
			target = 9719EE9A198AE80C00A8F51D /* KiwixTest */;
			targetProxy = 9719EEC1198AE80C00A8F51D /* PBXContainerItemProxy */;
		};
/* End PBXTargetDependency section */

/* Begin PBXVariantGroup section */
		9719EEA7198AE80C00A8F51D /* InfoPlist.strings */ = {
			isa = PBXVariantGroup;
			children = (
				9719EEA8198AE80C00A8F51D /* en */,
			);
			name = InfoPlist.strings;
			sourceTree = "<group>";
		};
		9719EEB0198AE80C00A8F51D /* Main.storyboard */ = {
			isa = PBXVariantGroup;
			children = (
				9719EEB1198AE80C00A8F51D /* Base */,
			);
			name = Main.storyboard;
			sourceTree = "<group>";
		};
		9719EEC6198AE80C00A8F51D /* InfoPlist.strings */ = {
			isa = PBXVariantGroup;
			children = (
				9719EEC7198AE80C00A8F51D /* en */,
			);
			name = InfoPlist.strings;
			sourceTree = "<group>";
		};
/* End PBXVariantGroup section */

/* Begin XCBuildConfiguration section */
		9719EECB198AE80C00A8F51D /* Debug */ = {
			isa = XCBuildConfiguration;
			buildSettings = {
				ALWAYS_SEARCH_USER_PATHS = NO;
				CLANG_CXX_LANGUAGE_STANDARD = "gnu++0x";
				CLANG_CXX_LIBRARY = "libc++";
				CLANG_ENABLE_MODULES = YES;
				CLANG_ENABLE_OBJC_ARC = YES;
				CLANG_WARN_BOOL_CONVERSION = YES;
				CLANG_WARN_CONSTANT_CONVERSION = YES;
				CLANG_WARN_DIRECT_OBJC_ISA_USAGE = YES_ERROR;
				CLANG_WARN_EMPTY_BODY = YES;
				CLANG_WARN_ENUM_CONVERSION = YES;
				CLANG_WARN_INT_CONVERSION = YES;
				CLANG_WARN_OBJC_ROOT_CLASS = YES_ERROR;
				CLANG_WARN__DUPLICATE_METHOD_MATCH = YES;
				"CODE_SIGN_IDENTITY[sdk=iphoneos*]" = "iPhone Developer";
				COPY_PHASE_STRIP = NO;
				GCC_C_LANGUAGE_STANDARD = gnu99;
				GCC_DYNAMIC_NO_PIC = NO;
				GCC_OPTIMIZATION_LEVEL = 0;
				GCC_PREPROCESSOR_DEFINITIONS = (
					"DEBUG=1",
					"$(inherited)",
				);
				GCC_SYMBOLS_PRIVATE_EXTERN = NO;
				GCC_WARN_64_TO_32_BIT_CONVERSION = YES;
				GCC_WARN_ABOUT_RETURN_TYPE = YES_ERROR;
				GCC_WARN_UNDECLARED_SELECTOR = YES;
				GCC_WARN_UNINITIALIZED_AUTOS = YES_AGGRESSIVE;
				GCC_WARN_UNUSED_FUNCTION = YES;
				GCC_WARN_UNUSED_VARIABLE = YES;
				IPHONEOS_DEPLOYMENT_TARGET = 7.1;
				ONLY_ACTIVE_ARCH = YES;
				SDKROOT = iphoneos;
			};
			name = Debug;
		};
		9719EECC198AE80C00A8F51D /* Release */ = {
			isa = XCBuildConfiguration;
			buildSettings = {
				ALWAYS_SEARCH_USER_PATHS = NO;
				CLANG_CXX_LANGUAGE_STANDARD = "gnu++0x";
				CLANG_CXX_LIBRARY = "libc++";
				CLANG_ENABLE_MODULES = YES;
				CLANG_ENABLE_OBJC_ARC = YES;
				CLANG_WARN_BOOL_CONVERSION = YES;
				CLANG_WARN_CONSTANT_CONVERSION = YES;
				CLANG_WARN_DIRECT_OBJC_ISA_USAGE = YES_ERROR;
				CLANG_WARN_EMPTY_BODY = YES;
				CLANG_WARN_ENUM_CONVERSION = YES;
				CLANG_WARN_INT_CONVERSION = YES;
				CLANG_WARN_OBJC_ROOT_CLASS = YES_ERROR;
				CLANG_WARN__DUPLICATE_METHOD_MATCH = YES;
				"CODE_SIGN_IDENTITY[sdk=iphoneos*]" = "iPhone Developer";
				COPY_PHASE_STRIP = YES;
				ENABLE_NS_ASSERTIONS = NO;
				GCC_C_LANGUAGE_STANDARD = gnu99;
				GCC_WARN_64_TO_32_BIT_CONVERSION = YES;
				GCC_WARN_ABOUT_RETURN_TYPE = YES_ERROR;
				GCC_WARN_UNDECLARED_SELECTOR = YES;
				GCC_WARN_UNINITIALIZED_AUTOS = YES_AGGRESSIVE;
				GCC_WARN_UNUSED_FUNCTION = YES;
				GCC_WARN_UNUSED_VARIABLE = YES;
				IPHONEOS_DEPLOYMENT_TARGET = 7.1;
				SDKROOT = iphoneos;
				VALIDATE_PRODUCT = YES;
			};
			name = Release;
		};
		9719EECE198AE80C00A8F51D /* Debug */ = {
			isa = XCBuildConfiguration;
			buildSettings = {
				ALWAYS_SEARCH_USER_PATHS = YES;
				ASSETCATALOG_COMPILER_APPICON_NAME = AppIcon;
				ASSETCATALOG_COMPILER_LAUNCHIMAGE_NAME = LaunchImage;
				CLANG_CXX_LIBRARY = "libstdc++";
				GCC_PRECOMPILE_PREFIX_HEADER = YES;
				GCC_PREFIX_HEADER = "KiwixTest/KiwixTest-Prefix.pch";
				HEADER_SEARCH_PATHS = (
					"$(inherited)",
					/Applications/Xcode.app/Contents/Developer/Toolchains/XcodeDefault.xctoolchain/usr/include,
					"$(PROJECT_DIR)/KiwixTest/",
				);
				INFOPLIST_FILE = "KiwixTest/KiwixTest-Info.plist";
				LIBRARY_SEARCH_PATHS = (
					"$(inherited)",
					"$(PROJECT_DIR)/KiwixTest/",
					"$(PROJECT_DIR)/KiwixTest",
				);
				OTHER_LDFLAGS = (
					"-lz",
					"-lstdc++",
				);
				PRODUCT_NAME = "$(TARGET_NAME)";
				USER_HEADER_SEARCH_PATHS = "";
				WRAPPER_EXTENSION = app;
			};
			name = Debug;
		};
		9719EECF198AE80C00A8F51D /* Release */ = {
			isa = XCBuildConfiguration;
			buildSettings = {
				ALWAYS_SEARCH_USER_PATHS = YES;
				ASSETCATALOG_COMPILER_APPICON_NAME = AppIcon;
				ASSETCATALOG_COMPILER_LAUNCHIMAGE_NAME = LaunchImage;
				CLANG_CXX_LIBRARY = "libstdc++";
				GCC_PRECOMPILE_PREFIX_HEADER = YES;
				GCC_PREFIX_HEADER = "KiwixTest/KiwixTest-Prefix.pch";
				HEADER_SEARCH_PATHS = (
					"$(inherited)",
					/Applications/Xcode.app/Contents/Developer/Toolchains/XcodeDefault.xctoolchain/usr/include,
					"$(PROJECT_DIR)/KiwixTest/",
				);
				INFOPLIST_FILE = "KiwixTest/KiwixTest-Info.plist";
				LIBRARY_SEARCH_PATHS = (
					"$(inherited)",
					"$(PROJECT_DIR)/KiwixTest/",
					"$(PROJECT_DIR)/KiwixTest",
				);
				OTHER_LDFLAGS = (
					"-lz",
					"-lstdc++",
				);
				PRODUCT_NAME = "$(TARGET_NAME)";
				USER_HEADER_SEARCH_PATHS = "";
				WRAPPER_EXTENSION = app;
			};
			name = Release;
		};
		9719EED1198AE80C00A8F51D /* Debug */ = {
			isa = XCBuildConfiguration;
			buildSettings = {
				BUNDLE_LOADER = "$(BUILT_PRODUCTS_DIR)/KiwixTest.app/KiwixTest";
				FRAMEWORK_SEARCH_PATHS = (
					"$(SDKROOT)/Developer/Library/Frameworks",
					"$(inherited)",
					"$(DEVELOPER_FRAMEWORKS_DIR)",
				);
				GCC_PRECOMPILE_PREFIX_HEADER = YES;
				GCC_PREFIX_HEADER = "KiwixTest/KiwixTest-Prefix.pch";
				GCC_PREPROCESSOR_DEFINITIONS = (
					"DEBUG=1",
					"$(inherited)",
				);
				INFOPLIST_FILE = "KiwixTestTests/KiwixTestTests-Info.plist";
				PRODUCT_NAME = "$(TARGET_NAME)";
				TEST_HOST = "$(BUNDLE_LOADER)";
				WRAPPER_EXTENSION = xctest;
			};
			name = Debug;
		};
		9719EED2198AE80C00A8F51D /* Release */ = {
			isa = XCBuildConfiguration;
			buildSettings = {
				BUNDLE_LOADER = "$(BUILT_PRODUCTS_DIR)/KiwixTest.app/KiwixTest";
				FRAMEWORK_SEARCH_PATHS = (
					"$(SDKROOT)/Developer/Library/Frameworks",
					"$(inherited)",
					"$(DEVELOPER_FRAMEWORKS_DIR)",
				);
				GCC_PRECOMPILE_PREFIX_HEADER = YES;
				GCC_PREFIX_HEADER = "KiwixTest/KiwixTest-Prefix.pch";
				INFOPLIST_FILE = "KiwixTestTests/KiwixTestTests-Info.plist";
				PRODUCT_NAME = "$(TARGET_NAME)";
				TEST_HOST = "$(BUNDLE_LOADER)";
				WRAPPER_EXTENSION = xctest;
			};
			name = Release;
		};
/* End XCBuildConfiguration section */

/* Begin XCConfigurationList section */
		9719EE96198AE80C00A8F51D /* Build configuration list for PBXProject "KiwixTest" */ = {
			isa = XCConfigurationList;
			buildConfigurations = (
				9719EECB198AE80C00A8F51D /* Debug */,
				9719EECC198AE80C00A8F51D /* Release */,
			);
			defaultConfigurationIsVisible = 0;
			defaultConfigurationName = Release;
		};
		9719EECD198AE80C00A8F51D /* Build configuration list for PBXNativeTarget "KiwixTest" */ = {
			isa = XCConfigurationList;
			buildConfigurations = (
				9719EECE198AE80C00A8F51D /* Debug */,
				9719EECF198AE80C00A8F51D /* Release */,
			);
			defaultConfigurationIsVisible = 0;
		};
		9719EED0198AE80C00A8F51D /* Build configuration list for PBXNativeTarget "KiwixTestTests" */ = {
			isa = XCConfigurationList;
			buildConfigurations = (
				9719EED1198AE80C00A8F51D /* Debug */,
				9719EED2198AE80C00A8F51D /* Release */,
			);
			defaultConfigurationIsVisible = 0;
		};
/* End XCConfigurationList section */
	};
	rootObject = 9719EE93198AE80C00A8F51D /* Project object */;
}
